{
  "name": "canvas-record",
  "version": "1.0.0",
  "lockfileVersion": 2,
  "requires": true,
  "packages": {
    "": {
      "version": "1.0.0",
      "funding": [
        {
          "type": "individual",
          "url": "https://paypal.me/dmnsgn"
        },
        {
          "type": "individual",
          "url": "https://commerce.coinbase.com/checkout/56cbdf28-e323-48d8-9c98-7019e72c97f3"
        }
      ],
      "license": "MIT",
      "dependencies": {
        "file-extension": "^4.0.5"
      },
      "devDependencies": {
        "canvas-context": "^3.0.2",
        "es-module-shims": "^0.10.4"
      },
      "engines": {
        "node": ">=15.0.0",
        "npm": ">=7.0.0"
      }
    },
    "node_modules/canvas-context": {
      "version": "3.0.2",
      "resolved": "https://registry.npmjs.org/canvas-context/-/canvas-context-3.0.2.tgz",
      "integrity": "sha512-SPdqcdXXu6wWOc55oP5jcxHbYI1mDeExuhacDan4Br35A/0o3kKYZwlfE5VSzfRvjKhpwO9fIaFa9k6BJdEfGg==",
      "dev": true,
      "funding": [
        {
          "type": "individual",
          "url": "https://paypal.me/dmnsgn"
        },
        {
          "type": "individual",
          "url": "https://commerce.coinbase.com/checkout/56cbdf28-e323-48d8-9c98-7019e72c97f3"
        }
      ],
      "engines": {
        "node": ">=15.0.0",
        "npm": ">=7.0.0"
      }
    },
    "node_modules/es-module-shims": {
      "version": "0.10.4",
      "resolved": "https://registry.npmjs.org/es-module-shims/-/es-module-shims-0.10.4.tgz",
      "integrity": "sha512-tkmdigmgPVUWp1+psYM5gwBVhsgynU7v8CHpg74BmXSz+sXwAE42AdJahcoIkQPIUXhErX+BISAsW3chrFSCnQ==",
      "dev": true
    },
    "node_modules/file-extension": {
      "version": "4.0.5",
      "resolved": "https://registry.npmjs.org/file-extension/-/file-extension-4.0.5.tgz",
      "integrity": "sha512-l0rOL3aKkoi6ea7MNZe6OHgqYYpn48Qfflr8Pe9G9JPPTx5A+sfboK91ZufzIs59/lPqh351l0eb6iKU9J5oGg==",
      "engines": {
        "node": ">=4"
      }
    }
  },
  "dependencies": {
    "canvas-context": {
      "version": "3.0.2",
      "resolved": "https://registry.npmjs.org/canvas-context/-/canvas-context-3.0.2.tgz",
      "integrity": "sha512-SPdqcdXXu6wWOc55oP5jcxHbYI1mDeExuhacDan4Br35A/0o3kKYZwlfE5VSzfRvjKhpwO9fIaFa9k6BJdEfGg==",
      "dev": true
    },
    "es-module-shims": {
      "version": "0.10.4",
      "resolved": "https://registry.npmjs.org/es-module-shims/-/es-module-shims-0.10.4.tgz",
      "integrity": "sha512-tkmdigmgPVUWp1+psYM5gwBVhsgynU7v8CHpg74BmXSz+sXwAE42AdJahcoIkQPIUXhErX+BISAsW3chrFSCnQ==",
      "dev": true
    },
    "file-extension": {
      "version": "4.0.5",
      "resolved": "https://registry.npmjs.org/file-extension/-/file-extension-4.0.5.tgz",
      "integrity": "sha512-l0rOL3aKkoi6ea7MNZe6OHgqYYpn48Qfflr8Pe9G9JPPTx5A+sfboK91ZufzIs59/lPqh351l0eb6iKU9J5oGg=="
    }
  }
}
