{
  "name": "canvas-record",
  "version": "4.0.0-alpha.7",
  "lockfileVersion": 2,
  "requires": true,
  "packages": {
    "": {
      "name": "canvas-record",
      "version": "4.0.0-alpha.7",
      "funding": [
        {
          "type": "individual",
          "url": "https://paypal.me/dmnsgn"
        },
        {
          "type": "individual",
          "url": "https://commerce.coinbase.com/checkout/56cbdf28-e323-48d8-9c98-7019e72c97f3"
        }
      ],
      "license": "MIT",
      "dependencies": {
        "@ffmpeg/ffmpeg": "^0.11.6",
        "canvas-screenshot": "^4.1.0",
        "gifenc": "^1.0.3",
        "h264-mp4-encoder": "^1.0.12",
        "media-codecs": "^2.0.0",
        "mp4-muxer": "^1.0.5",
        "webm-muxer": "^3.0.1"
      },
      "devDependencies": {
        "canvas-context": "^3.2.0",
        "es-module-shims": "^1.7.1",
        "mp4-wasm": "^1.0.6",
        "tweakpane": "^3.1.7"
      },
      "engines": {
        "node": ">=18.0.0",
        "npm": ">=8.0.0"
      }
    },
    "node_modules/@ffmpeg/ffmpeg": {
      "version": "0.11.6",
      "resolved": "https://registry.npmjs.org/@ffmpeg/ffmpeg/-/ffmpeg-0.11.6.tgz",
      "integrity": "sha512-uN8J8KDjADEavPhNva6tYO9Fj0lWs9z82swF3YXnTxWMBoFLGq3LZ6FLlIldRKEzhOBKnkVfA8UnFJuvGvNxcA==",
      "dependencies": {
        "is-url": "^1.2.4",
        "node-fetch": "^2.6.1",
        "regenerator-runtime": "^0.13.7",
        "resolve-url": "^0.2.1"
      },
      "engines": {
        "node": ">=12.16.1"
      }
    },
    "node_modules/@types/dom-webcodecs": {
      "version": "0.1.7",
      "resolved": "https://registry.npmjs.org/@types/dom-webcodecs/-/dom-webcodecs-0.1.7.tgz",
      "integrity": "sha512-1euwRyJ7rQrddOa24d5ZcoDRMp68xEIwyb7PKb3Wpc2OullUxHQ4a63WPa5V8R+KtCWISKjgS+f83HCUVhXS/w=="
    },
    "node_modules/@types/wicg-file-system-access": {
      "version": "2020.9.5",
      "resolved": "https://registry.npmjs.org/@types/wicg-file-system-access/-/wicg-file-system-access-2020.9.5.tgz",
      "integrity": "sha512-UYK244awtmcUYQfs7FR8710MJcefL2WvkyHMjA8yJzxd1mo0Gfn88sRZ1Bls7hiUhA2w7ne1gpJ9T5g3G0wOyA=="
    },
    "node_modules/canvas-context": {
      "version": "3.2.0",
      "resolved": "https://registry.npmjs.org/canvas-context/-/canvas-context-3.2.0.tgz",
      "integrity": "sha512-omHLIFfVt+bgWqbWHSeEbk3WKiXLECxUAy+uQfVk4VuHzNqY5pKwt0lHYVJC1AuKayGucUBjiqi5/xL3zXIM6A==",
      "dev": true,
      "funding": [
        {
          "type": "individual",
          "url": "https://paypal.me/dmnsgn"
        },
        {
          "type": "individual",
          "url": "https://commerce.coinbase.com/checkout/56cbdf28-e323-48d8-9c98-7019e72c97f3"
        }
      ],
      "engines": {
        "node": ">=16.0.0",
        "npm": ">=7.0.0"
      }
    },
    "node_modules/canvas-screenshot": {
      "version": "4.1.0",
      "resolved": "https://registry.npmjs.org/canvas-screenshot/-/canvas-screenshot-4.1.0.tgz",
      "integrity": "sha512-Ex5m3nljIQIa03hsu5i9uhf2L02v4zHueOmChcPWImU7rG5f7+7NZim0hd7vCd3I8FQZL7WZSXrZk5xHHIXLSA==",
      "funding": [
        {
          "type": "individual",
          "url": "https://paypal.me/dmnsgn"
        },
        {
          "type": "individual",
          "url": "https://commerce.coinbase.com/checkout/56cbdf28-e323-48d8-9c98-7019e72c97f3"
        }
      ],
      "dependencies": {
        "file-extension": "^4.0.5"
      },
      "engines": {
        "node": ">=15.0.0",
        "npm": ">=7.0.0"
      }
    },
    "node_modules/es-module-shims": {
      "version": "1.7.1",
      "resolved": "https://registry.npmjs.org/es-module-shims/-/es-module-shims-1.7.1.tgz",
      "integrity": "sha512-ZfrYhcPnYxFNTab0dA7JWAQhO3SSuyXHzCptPX171H8t6P85tpfCqiARn8csHH4v84ElsyYRq0C3LTJc8Y1UNg==",
      "dev": true
    },
    "node_modules/file-extension": {
      "version": "4.0.5",
      "resolved": "https://registry.npmjs.org/file-extension/-/file-extension-4.0.5.tgz",
      "integrity": "sha512-l0rOL3aKkoi6ea7MNZe6OHgqYYpn48Qfflr8Pe9G9JPPTx5A+sfboK91ZufzIs59/lPqh351l0eb6iKU9J5oGg==",
      "engines": {
        "node": ">=4"
      }
    },
    "node_modules/gifenc": {
      "version": "1.0.3",
      "resolved": "https://registry.npmjs.org/gifenc/-/gifenc-1.0.3.tgz",
      "integrity": "sha512-xdr6AdrfGBcfzncONUOlXMBuc5wJDtOueE3c5rdG0oNgtINLD+f2iFZltrBRZYzACRbKr+mSVU/x98zv2u3jmw=="
    },
    "node_modules/h264-mp4-encoder": {
      "version": "1.0.12",
      "resolved": "https://registry.npmjs.org/h264-mp4-encoder/-/h264-mp4-encoder-1.0.12.tgz",
      "integrity": "sha512-xih3J+Go0o1RqGjhOt6TwXLWWGqLONRPyS8yoMu/RoS/S8WyEv4HuHp1KBsDDl8srZQ3gw9f95JYkCSjCuZbHQ=="
    },
    "node_modules/is-url": {
      "version": "1.2.4",
      "resolved": "https://registry.npmjs.org/is-url/-/is-url-1.2.4.tgz",
      "integrity": "sha512-ITvGim8FhRiYe4IQ5uHSkj7pVaPDrCTkNd3yq3cV7iZAcJdHTUMPMEHcqSOy9xZ9qFenQCvi+2wjH9a1nXqHww=="
    },
    "node_modules/media-codecs": {
      "version": "2.0.0",
      "resolved": "https://registry.npmjs.org/media-codecs/-/media-codecs-2.0.0.tgz",
      "integrity": "sha512-0dRnjeoS3/qagtTwuZDA6RyEazt8/fulq020ej05DB5ARnXJtfKR/Q/p9dSiId356c2bTAYzMFXFZNajF0Wbcg==",
      "funding": [
        {
          "type": "individual",
          "url": "https://paypal.me/dmnsgn"
        },
        {
          "type": "individual",
          "url": "https://commerce.coinbase.com/checkout/56cbdf28-e323-48d8-9c98-7019e72c97f3"
        }
      ],
      "engines": {
        "node": ">=18.0.0",
        "npm": ">=8.0.0"
      }
    },
    "node_modules/mp4-muxer": {
      "version": "1.0.5",
      "resolved": "https://registry.npmjs.org/mp4-muxer/-/mp4-muxer-1.0.5.tgz",
      "integrity": "sha512-HgjHFZbodxmO8T/sjTJnFN6opPDyFO4zE2ul756NObC0YqqL4gHFeFQk1NW5Rqkmi9e3qaTjiJcR0ITSrQCgvQ==",
      "dependencies": {
        "@types/dom-webcodecs": "^0.1.6",
        "@types/wicg-file-system-access": "^2020.9.5"
      }
    },
    "node_modules/mp4-wasm": {
      "version": "1.0.6",
      "resolved": "https://registry.npmjs.org/mp4-wasm/-/mp4-wasm-1.0.6.tgz",
      "integrity": "sha512-iXVP+YK/aLDkdl9Iy+QQgAYL5/dxEDA1+uYEBW6heEYJkg6gkTGgD2Sz4hciryqr2kJoDCRGfPmgH0A1WHMULQ==",
      "dev": true
    },
    "node_modules/node-fetch": {
      "version": "2.6.7",
      "resolved": "https://registry.npmjs.org/node-fetch/-/node-fetch-2.6.7.tgz",
      "integrity": "sha512-ZjMPFEfVx5j+y2yF35Kzx5sF7kDzxuDj6ziH4FFbOp87zKDZNx8yExJIb05OGF4Nlt9IHFIMBkRl41VdvcNdbQ==",
      "dependencies": {
        "whatwg-url": "^5.0.0"
      },
      "engines": {
        "node": "4.x || >=6.0.0"
      },
      "peerDependencies": {
        "encoding": "^0.1.0"
      },
      "peerDependenciesMeta": {
        "encoding": {
          "optional": true
        }
      }
    },
    "node_modules/regenerator-runtime": {
      "version": "0.13.11",
      "resolved": "https://registry.npmjs.org/regenerator-runtime/-/regenerator-runtime-0.13.11.tgz",
      "integrity": "sha512-kY1AZVr2Ra+t+piVaJ4gxaFaReZVH40AKNo7UCX6W+dEwBo/2oZJzqfuN1qLq1oL45o56cPaTXELwrTh8Fpggg=="
    },
    "node_modules/resolve-url": {
      "version": "0.2.1",
      "resolved": "https://registry.npmjs.org/resolve-url/-/resolve-url-0.2.1.tgz",
      "integrity": "sha512-ZuF55hVUQaaczgOIwqWzkEcEidmlD/xl44x1UZnhOXcYuFN2S6+rcxpG+C1N3So0wvNI3DmJICUFfu2SxhBmvg==",
      "deprecated": "https://github.com/lydell/resolve-url#deprecated"
    },
    "node_modules/tr46": {
      "version": "0.0.3",
      "resolved": "https://registry.npmjs.org/tr46/-/tr46-0.0.3.tgz",
      "integrity": "sha512-N3WMsuqV66lT30CrXNbEjx4GEwlow3v6rr4mCcv6prnfwhS01rkgyFdjPNBYd9br7LpXV1+Emh01fHnq2Gdgrw=="
    },
    "node_modules/tweakpane": {
      "version": "3.1.7",
      "resolved": "https://registry.npmjs.org/tweakpane/-/tweakpane-3.1.7.tgz",
      "integrity": "sha512-8JF0Ri3cPTv/tUwrb28FBalB6XTW+m3pm2BUMz8gXkvppMjSQ89RMOF/jLdaWhrkRnSayPp5WX9lTDXNqRgK5Q==",
      "dev": true,
      "funding": {
        "url": "https://github.com/sponsors/cocopon"
      }
    },
    "node_modules/webidl-conversions": {
      "version": "3.0.1",
      "resolved": "https://registry.npmjs.org/webidl-conversions/-/webidl-conversions-3.0.1.tgz",
      "integrity": "sha512-2JAn3z8AR6rjK8Sm8orRC0h/bcl/DqL7tRPdGZ4I1CjdF+EaMLmYxBHyXuKL849eucPFhvBoxMsflfOb8kxaeQ=="
    },
    "node_modules/webm-muxer": {
      "version": "3.0.1",
      "resolved": "https://registry.npmjs.org/webm-muxer/-/webm-muxer-3.0.1.tgz",
      "integrity": "sha512-Ku4+slqraVS1lf+Tej0vqHFWZn9fVnoq+pFRFEVU8QDCjxO3gMMJyO3DqaCrNtqWpJKXlcwyILL2Kfhx+i6Rmg==",
      "dependencies": {
        "@types/dom-webcodecs": "^0.1.4",
        "@types/wicg-file-system-access": "^2020.9.5"
      }
    },
    "node_modules/whatwg-url": {
      "version": "5.0.0",
      "resolved": "https://registry.npmjs.org/whatwg-url/-/whatwg-url-5.0.0.tgz",
      "integrity": "sha512-saE57nupxk6v3HY35+jzBwYa0rKSy0XR8JSxZPwgLr7ys0IBzhGviA1/TUGJLmSVqs8pb9AnvICXEuOHLprYTw==",
      "dependencies": {
        "tr46": "~0.0.3",
        "webidl-conversions": "^3.0.0"
      }
    }
  },
  "dependencies": {
    "@ffmpeg/ffmpeg": {
      "version": "0.11.6",
      "resolved": "https://registry.npmjs.org/@ffmpeg/ffmpeg/-/ffmpeg-0.11.6.tgz",
      "integrity": "sha512-uN8J8KDjADEavPhNva6tYO9Fj0lWs9z82swF3YXnTxWMBoFLGq3LZ6FLlIldRKEzhOBKnkVfA8UnFJuvGvNxcA==",
      "requires": {
        "is-url": "^1.2.4",
        "node-fetch": "^2.6.1",
        "regenerator-runtime": "^0.13.7",
        "resolve-url": "^0.2.1"
      }
    },
    "@types/dom-webcodecs": {
      "version": "0.1.7",
      "resolved": "https://registry.npmjs.org/@types/dom-webcodecs/-/dom-webcodecs-0.1.7.tgz",
      "integrity": "sha512-1euwRyJ7rQrddOa24d5ZcoDRMp68xEIwyb7PKb3Wpc2OullUxHQ4a63WPa5V8R+KtCWISKjgS+f83HCUVhXS/w=="
    },
    "@types/wicg-file-system-access": {
      "version": "2020.9.5",
      "resolved": "https://registry.npmjs.org/@types/wicg-file-system-access/-/wicg-file-system-access-2020.9.5.tgz",
      "integrity": "sha512-UYK244awtmcUYQfs7FR8710MJcefL2WvkyHMjA8yJzxd1mo0Gfn88sRZ1Bls7hiUhA2w7ne1gpJ9T5g3G0wOyA=="
    },
    "canvas-context": {
      "version": "3.2.0",
      "resolved": "https://registry.npmjs.org/canvas-context/-/canvas-context-3.2.0.tgz",
      "integrity": "sha512-omHLIFfVt+bgWqbWHSeEbk3WKiXLECxUAy+uQfVk4VuHzNqY5pKwt0lHYVJC1AuKayGucUBjiqi5/xL3zXIM6A==",
      "dev": true
    },
    "canvas-screenshot": {
      "version": "4.1.0",
      "resolved": "https://registry.npmjs.org/canvas-screenshot/-/canvas-screenshot-4.1.0.tgz",
      "integrity": "sha512-Ex5m3nljIQIa03hsu5i9uhf2L02v4zHueOmChcPWImU7rG5f7+7NZim0hd7vCd3I8FQZL7WZSXrZk5xHHIXLSA==",
      "requires": {
        "file-extension": "^4.0.5"
      }
    },
    "es-module-shims": {
      "version": "1.7.1",
      "resolved": "https://registry.npmjs.org/es-module-shims/-/es-module-shims-1.7.1.tgz",
      "integrity": "sha512-ZfrYhcPnYxFNTab0dA7JWAQhO3SSuyXHzCptPX171H8t6P85tpfCqiARn8csHH4v84ElsyYRq0C3LTJc8Y1UNg==",
      "dev": true
    },
    "file-extension": {
      "version": "4.0.5",
      "resolved": "https://registry.npmjs.org/file-extension/-/file-extension-4.0.5.tgz",
      "integrity": "sha512-l0rOL3aKkoi6ea7MNZe6OHgqYYpn48Qfflr8Pe9G9JPPTx5A+sfboK91ZufzIs59/lPqh351l0eb6iKU9J5oGg=="
    },
    "gifenc": {
      "version": "1.0.3",
      "resolved": "https://registry.npmjs.org/gifenc/-/gifenc-1.0.3.tgz",
      "integrity": "sha512-xdr6AdrfGBcfzncONUOlXMBuc5wJDtOueE3c5rdG0oNgtINLD+f2iFZltrBRZYzACRbKr+mSVU/x98zv2u3jmw=="
    },
    "h264-mp4-encoder": {
      "version": "1.0.12",
      "resolved": "https://registry.npmjs.org/h264-mp4-encoder/-/h264-mp4-encoder-1.0.12.tgz",
      "integrity": "sha512-xih3J+Go0o1RqGjhOt6TwXLWWGqLONRPyS8yoMu/RoS/S8WyEv4HuHp1KBsDDl8srZQ3gw9f95JYkCSjCuZbHQ=="
    },
    "is-url": {
      "version": "1.2.4",
      "resolved": "https://registry.npmjs.org/is-url/-/is-url-1.2.4.tgz",
      "integrity": "sha512-ITvGim8FhRiYe4IQ5uHSkj7pVaPDrCTkNd3yq3cV7iZAcJdHTUMPMEHcqSOy9xZ9qFenQCvi+2wjH9a1nXqHww=="
    },
    "media-codecs": {
      "version": "2.0.0",
      "resolved": "https://registry.npmjs.org/media-codecs/-/media-codecs-2.0.0.tgz",
      "integrity": "sha512-0dRnjeoS3/qagtTwuZDA6RyEazt8/fulq020ej05DB5ARnXJtfKR/Q/p9dSiId356c2bTAYzMFXFZNajF0Wbcg=="
    },
    "mp4-muxer": {
      "version": "1.0.5",
      "resolved": "https://registry.npmjs.org/mp4-muxer/-/mp4-muxer-1.0.5.tgz",
      "integrity": "sha512-HgjHFZbodxmO8T/sjTJnFN6opPDyFO4zE2ul756NObC0YqqL4gHFeFQk1NW5Rqkmi9e3qaTjiJcR0ITSrQCgvQ==",
      "requires": {
        "@types/dom-webcodecs": "^0.1.6",
        "@types/wicg-file-system-access": "^2020.9.5"
      }
    },
    "mp4-wasm": {
      "version": "1.0.6",
      "resolved": "https://registry.npmjs.org/mp4-wasm/-/mp4-wasm-1.0.6.tgz",
      "integrity": "sha512-iXVP+YK/aLDkdl9Iy+QQgAYL5/dxEDA1+uYEBW6heEYJkg6gkTGgD2Sz4hciryqr2kJoDCRGfPmgH0A1WHMULQ==",
      "dev": true
    },
    "node-fetch": {
      "version": "2.6.7",
      "resolved": "https://registry.npmjs.org/node-fetch/-/node-fetch-2.6.7.tgz",
      "integrity": "sha512-ZjMPFEfVx5j+y2yF35Kzx5sF7kDzxuDj6ziH4FFbOp87zKDZNx8yExJIb05OGF4Nlt9IHFIMBkRl41VdvcNdbQ==",
      "requires": {
        "whatwg-url": "^5.0.0"
      }
    },
    "regenerator-runtime": {
      "version": "0.13.11",
      "resolved": "https://registry.npmjs.org/regenerator-runtime/-/regenerator-runtime-0.13.11.tgz",
      "integrity": "sha512-kY1AZVr2Ra+t+piVaJ4gxaFaReZVH40AKNo7UCX6W+dEwBo/2oZJzqfuN1qLq1oL45o56cPaTXELwrTh8Fpggg=="
    },
    "resolve-url": {
      "version": "0.2.1",
      "resolved": "https://registry.npmjs.org/resolve-url/-/resolve-url-0.2.1.tgz",
      "integrity": "sha512-ZuF55hVUQaaczgOIwqWzkEcEidmlD/xl44x1UZnhOXcYuFN2S6+rcxpG+C1N3So0wvNI3DmJICUFfu2SxhBmvg=="
    },
    "tr46": {
      "version": "0.0.3",
      "resolved": "https://registry.npmjs.org/tr46/-/tr46-0.0.3.tgz",
      "integrity": "sha512-N3WMsuqV66lT30CrXNbEjx4GEwlow3v6rr4mCcv6prnfwhS01rkgyFdjPNBYd9br7LpXV1+Emh01fHnq2Gdgrw=="
    },
    "tweakpane": {
      "version": "3.1.7",
      "resolved": "https://registry.npmjs.org/tweakpane/-/tweakpane-3.1.7.tgz",
      "integrity": "sha512-8JF0Ri3cPTv/tUwrb28FBalB6XTW+m3pm2BUMz8gXkvppMjSQ89RMOF/jLdaWhrkRnSayPp5WX9lTDXNqRgK5Q==",
      "dev": true
    },
    "webidl-conversions": {
      "version": "3.0.1",
      "resolved": "https://registry.npmjs.org/webidl-conversions/-/webidl-conversions-3.0.1.tgz",
      "integrity": "sha512-2JAn3z8AR6rjK8Sm8orRC0h/bcl/DqL7tRPdGZ4I1CjdF+EaMLmYxBHyXuKL849eucPFhvBoxMsflfOb8kxaeQ=="
    },
    "webm-muxer": {
      "version": "3.0.1",
      "resolved": "https://registry.npmjs.org/webm-muxer/-/webm-muxer-3.0.1.tgz",
      "integrity": "sha512-Ku4+slqraVS1lf+Tej0vqHFWZn9fVnoq+pFRFEVU8QDCjxO3gMMJyO3DqaCrNtqWpJKXlcwyILL2Kfhx+i6Rmg==",
      "requires": {
        "@types/dom-webcodecs": "^0.1.4",
        "@types/wicg-file-system-access": "^2020.9.5"
      }
    },
    "whatwg-url": {
      "version": "5.0.0",
      "resolved": "https://registry.npmjs.org/whatwg-url/-/whatwg-url-5.0.0.tgz",
      "integrity": "sha512-saE57nupxk6v3HY35+jzBwYa0rKSy0XR8JSxZPwgLr7ys0IBzhGviA1/TUGJLmSVqs8pb9AnvICXEuOHLprYTw==",
      "requires": {
        "tr46": "~0.0.3",
        "webidl-conversions": "^3.0.0"
      }
    }
  }
}
